// !$*UTF8*$!
{
	archiveVersion = 1;
	classes = {
	};
	objectVersion = 46;
	objects = {

/* Begin PBXBuildFile section */
		D49F450F1C656CDC00E1B283 /* AppDelegate.swift in Sources */ = {isa = PBXBuildFile; fileRef = D49F450E1C656CDC00E1B283 /* AppDelegate.swift */; };
		D49F45111C656CDC00E1B283 /* MasterViewController.swift in Sources */ = {isa = PBXBuildFile; fileRef = D49F45101C656CDC00E1B283 /* MasterViewController.swift */; };
		D49F45131C656CDC00E1B283 /* DetailViewController.swift in Sources */ = {isa = PBXBuildFile; fileRef = D49F45121C656CDC00E1B283 /* DetailViewController.swift */; };
		D49F45161C656CDC00E1B283 /* Main.storyboard in Resources */ = {isa = PBXBuildFile; fileRef = D49F45141C656CDC00E1B283 /* Main.storyboard */; };
		D49F45181C656CDC00E1B283 /* Assets.xcassets in Resources */ = {isa = PBXBuildFile; fileRef = D49F45171C656CDC00E1B283 /* Assets.xcassets */; };
		D49F451B1C656CDC00E1B283 /* LaunchScreen.storyboard in Resources */ = {isa = PBXBuildFile; fileRef = D49F45191C656CDC00E1B283 /* LaunchScreen.storyboard */; };
		D49F45261C656CDD00E1B283 /* PrimesDoneFastTests.swift in Sources */ = {isa = PBXBuildFile; fileRef = D49F45251C656CDD00E1B283 /* PrimesDoneFastTests.swift */; };
/* End PBXBuildFile section */

/* Begin PBXContainerItemProxy section */
		D49F45221C656CDD00E1B283 /* PBXContainerItemProxy */ = {
			isa = PBXContainerItemProxy;
			containerPortal = D49F45031C656CDC00E1B283 /* Project object */;
			proxyType = 1;
			remoteGlobalIDString = D49F450A1C656CDC00E1B283;
			remoteInfo = PrimesDoneFast;
		};
/* End PBXContainerItemProxy section */

/* Begin PBXFileReference section */
		D49F450B1C656CDC00E1B283 /* PrimesDoneFast.app */ = {isa = PBXFileReference; explicitFileType = wrapper.application; includeInIndex = 0; path = PrimesDoneFast.app; sourceTree = BUILT_PRODUCTS_DIR; };
		D49F450E1C656CDC00E1B283 /* AppDelegate.swift */ = {isa = PBXFileReference; lastKnownFileType = sourcecode.swift; path = AppDelegate.swift; sourceTree = "<group>"; };
		D49F45101C656CDC00E1B283 /* MasterViewController.swift */ = {isa = PBXFileReference; lastKnownFileType = sourcecode.swift; path = MasterViewController.swift; sourceTree = "<group>"; };
		D49F45121C656CDC00E1B283 /* DetailViewController.swift */ = {isa = PBXFileReference; lastKnownFileType = sourcecode.swift; path = DetailViewController.swift; sourceTree = "<group>"; };
		D49F45151C656CDC00E1B283 /* Base */ = {isa = PBXFileReference; lastKnownFileType = file.storyboard; name = Base; path = Base.lproj/Main.storyboard; sourceTree = "<group>"; };
		D49F45171C656CDC00E1B283 /* Assets.xcassets */ = {isa = PBXFileReference; lastKnownFileType = folder.assetcatalog; path = Assets.xcassets; sourceTree = "<group>"; };
		D49F451A1C656CDC00E1B283 /* Base */ = {isa = PBXFileReference; lastKnownFileType = file.storyboard; name = Base; path = Base.lproj/LaunchScreen.storyboard; sourceTree = "<group>"; };
		D49F451C1C656CDC00E1B283 /* Info.plist */ = {isa = PBXFileReference; lastKnownFileType = text.plist.xml; path = Info.plist; sourceTree = "<group>"; };
		D49F45211C656CDD00E1B283 /* PrimesDoneFastTests.xctest */ = {isa = PBXFileReference; explicitFileType = wrapper.cfbundle; includeInIndex = 0; path = PrimesDoneFastTests.xctest; sourceTree = BUILT_PRODUCTS_DIR; };
		D49F45251C656CDD00E1B283 /* PrimesDoneFastTests.swift */ = {isa = PBXFileReference; lastKnownFileType = sourcecode.swift; path = PrimesDoneFastTests.swift; sourceTree = "<group>"; };
		D49F45271C656CDD00E1B283 /* Info.plist */ = {isa = PBXFileReference; lastKnownFileType = text.plist.xml; path = Info.plist; sourceTree = "<group>"; };
/* End PBXFileReference section */

/* Begin PBXFrameworksBuildPhase section */
		D49F45081C656CDC00E1B283 /* Frameworks */ = {
			isa = PBXFrameworksBuildPhase;
			buildActionMask = 2147483647;
			files = (
			);
			runOnlyForDeploymentPostprocessing = 0;
		};
		D49F451E1C656CDD00E1B283 /* Frameworks */ = {
			isa = PBXFrameworksBuildPhase;
			buildActionMask = 2147483647;
			files = (
			);
			runOnlyForDeploymentPostprocessing = 0;
		};
/* End PBXFrameworksBuildPhase section */

/* Begin PBXGroup section */
		D49F45021C656CDC00E1B283 = {
			isa = PBXGroup;
			children = (
				D49F450D1C656CDC00E1B283 /* PrimesDoneFast */,
				D49F45241C656CDD00E1B283 /* PrimesDoneFastTests */,
				D49F450C1C656CDC00E1B283 /* Products */,
			);
			sourceTree = "<group>";
		};
		D49F450C1C656CDC00E1B283 /* Products */ = {
			isa = PBXGroup;
			children = (
				D49F450B1C656CDC00E1B283 /* PrimesDoneFast.app */,
				D49F45211C656CDD00E1B283 /* PrimesDoneFastTests.xctest */,
			);
			name = Products;
			sourceTree = "<group>";
		};
		D49F450D1C656CDC00E1B283 /* PrimesDoneFast */ = {
			isa = PBXGroup;
			children = (
				D49F450E1C656CDC00E1B283 /* AppDelegate.swift */,
				D49F45101C656CDC00E1B283 /* MasterViewController.swift */,
				D49F45121C656CDC00E1B283 /* DetailViewController.swift */,
				D49F45141C656CDC00E1B283 /* Main.storyboard */,
				D49F45171C656CDC00E1B283 /* Assets.xcassets */,
				D49F45191C656CDC00E1B283 /* LaunchScreen.storyboard */,
				D49F451C1C656CDC00E1B283 /* Info.plist */,
			);
			path = PrimesDoneFast;
			sourceTree = "<group>";
		};
		D49F45241C656CDD00E1B283 /* PrimesDoneFastTests */ = {
			isa = PBXGroup;
			children = (
				D49F45251C656CDD00E1B283 /* PrimesDoneFastTests.swift */,
				D49F45271C656CDD00E1B283 /* Info.plist */,
			);
			path = PrimesDoneFastTests;
			sourceTree = "<group>";
		};
/* End PBXGroup section */

/* Begin PBXNativeTarget section */
		D49F450A1C656CDC00E1B283 /* PrimesDoneFast */ = {
			isa = PBXNativeTarget;
			buildConfigurationList = D49F452A1C656CDD00E1B283 /* Build configuration list for PBXNativeTarget "PrimesDoneFast" */;
			buildPhases = (
				D49F45071C656CDC00E1B283 /* Sources */,
				D49F45081C656CDC00E1B283 /* Frameworks */,
				D49F45091C656CDC00E1B283 /* Resources */,
			);
			buildRules = (
			);
			dependencies = (
			);
			name = PrimesDoneFast;
			productName = PrimesDoneFast;
			productReference = D49F450B1C656CDC00E1B283 /* PrimesDoneFast.app */;
			productType = "com.apple.product-type.application";
		};
		D49F45201C656CDD00E1B283 /* PrimesDoneFastTests */ = {
			isa = PBXNativeTarget;
			buildConfigurationList = D49F452D1C656CDD00E1B283 /* Build configuration list for PBXNativeTarget "PrimesDoneFastTests" */;
			buildPhases = (
				D49F451D1C656CDD00E1B283 /* Sources */,
				D49F451E1C656CDD00E1B283 /* Frameworks */,
				D49F451F1C656CDD00E1B283 /* Resources */,
			);
			buildRules = (
			);
			dependencies = (
				D49F45231C656CDD00E1B283 /* PBXTargetDependency */,
			);
			name = PrimesDoneFastTests;
			productName = PrimesDoneFastTests;
			productReference = D49F45211C656CDD00E1B283 /* PrimesDoneFastTests.xctest */;
			productType = "com.apple.product-type.bundle.unit-test";
		};
/* End PBXNativeTarget section */

/* Begin PBXProject section */
		D49F45031C656CDC00E1B283 /* Project object */ = {
			isa = PBXProject;
			attributes = {
				LastSwiftUpdateCheck = 0720;
				LastUpgradeCheck = 0720;
				ORGANIZATIONNAME = "Nick Walker";
				TargetAttributes = {
					D49F450A1C656CDC00E1B283 = {
						CreatedOnToolsVersion = 7.2.1;
					};
					D49F45201C656CDD00E1B283 = {
						CreatedOnToolsVersion = 7.2.1;
						TestTargetID = D49F450A1C656CDC00E1B283;
					};
				};
			};
			buildConfigurationList = D49F45061C656CDC00E1B283 /* Build configuration list for PBXProject "PrimesDoneFast" */;
			compatibilityVersion = "Xcode 3.2";
			developmentRegion = English;
			hasScannedForEncodings = 0;
			knownRegions = (
				en,
				Base,
			);
			mainGroup = D49F45021C656CDC00E1B283;
			productRefGroup = D49F450C1C656CDC00E1B283 /* Products */;
			projectDirPath = "";
			projectRoot = "";
			targets = (
				D49F450A1C656CDC00E1B283 /* PrimesDoneFast */,
				D49F45201C656CDD00E1B283 /* PrimesDoneFastTests */,
			);
		};
/* End PBXProject section */

/* Begin PBXResourcesBuildPhase section */
		D49F45091C656CDC00E1B283 /* Resources */ = {
			isa = PBXResourcesBuildPhase;
			buildActionMask = 2147483647;
			files = (
				D49F451B1C656CDC00E1B283 /* LaunchScreen.storyboard in Resources */,
				D49F45181C656CDC00E1B283 /* Assets.xcassets in Resources */,
				D49F45161C656CDC00E1B283 /* Main.storyboard in Resources */,
			);
			runOnlyForDeploymentPostprocessing = 0;
		};
		D49F451F1C656CDD00E1B283 /* Resources */ = {
			isa = PBXResourcesBuildPhase;
			buildActionMask = 2147483647;
			files = (
			);
			runOnlyForDeploymentPostprocessing = 0;
		};
/* End PBXResourcesBuildPhase section */

/* Begin PBXSourcesBuildPhase section */
		D49F45071C656CDC00E1B283 /* Sources */ = {
			isa = PBXSourcesBuildPhase;
			buildActionMask = 2147483647;
			files = (
				D49F45131C656CDC00E1B283 /* DetailViewController.swift in Sources */,
				D49F45111C656CDC00E1B283 /* MasterViewController.swift in Sources */,
				D49F450F1C656CDC00E1B283 /* AppDelegate.swift in Sources */,
			);
			runOnlyForDeploymentPostprocessing = 0;
		};
		D49F451D1C656CDD00E1B283 /* Sources */ = {
			isa = PBXSourcesBuildPhase;
			buildActionMask = 2147483647;
			files = (
				D49F45261C656CDD00E1B283 /* PrimesDoneFastTests.swift in Sources */,
			);
			runOnlyForDeploymentPostprocessing = 0;
		};
/* End PBXSourcesBuildPhase section */

/* Begin PBXTargetDependency section */
		D49F45231C656CDD00E1B283 /* PBXTargetDependency */ = {
			isa = PBXTargetDependency;
			target = D49F450A1C656CDC00E1B283 /* PrimesDoneFast */;
			targetProxy = D49F45221C656CDD00E1B283 /* PBXContainerItemProxy */;
		};
/* End PBXTargetDependency section */

/* Begin PBXVariantGroup section */
		D49F45141C656CDC00E1B283 /* Main.storyboard */ = {
			isa = PBXVariantGroup;
			children = (
				D49F45151C656CDC00E1B283 /* Base */,
			);
			name = Main.storyboard;
			sourceTree = "<group>";
		};
		D49F45191C656CDC00E1B283 /* LaunchScreen.storyboard */ = {
			isa = PBXVariantGroup;
			children = (
				D49F451A1C656CDC00E1B283 /* Base */,
			);
			name = LaunchScreen.storyboard;
			sourceTree = "<group>";
		};
/* End PBXVariantGroup section */

/* Begin XCBuildConfiguration section */
		D49F45281C656CDD00E1B283 /* Debug */ = {
			isa = XCBuildConfiguration;
			buildSettings = {
				ALWAYS_SEARCH_USER_PATHS = NO;
				CLANG_CXX_LANGUAGE_STANDARD = "gnu++0x";
				CLANG_CXX_LIBRARY = "libc++";
				CLANG_ENABLE_MODULES = YES;
				CLANG_ENABLE_OBJC_ARC = YES;
				CLANG_WARN_BOOL_CONVERSION = YES;
				CLANG_WARN_CONSTANT_CONVERSION = YES;
				CLANG_WARN_DIRECT_OBJC_ISA_USAGE = YES_ERROR;
				CLANG_WARN_EMPTY_BODY = YES;
				CLANG_WARN_ENUM_CONVERSION = YES;
				CLANG_WARN_INT_CONVERSION = YES;
				CLANG_WARN_OBJC_ROOT_CLASS = YES_ERROR;
				CLANG_WARN_UNREACHABLE_CODE = YES;
				CLANG_WARN__DUPLICATE_METHOD_MATCH = YES;
				"CODE_SIGN_IDENTITY[sdk=iphoneos*]" = "iPhone Developer";
				COPY_PHASE_STRIP = NO;
				DEBUG_INFORMATION_FORMAT = dwarf;
				ENABLE_STRICT_OBJC_MSGSEND = YES;
				ENABLE_TESTABILITY = YES;
				GCC_C_LANGUAGE_STANDARD = gnu99;
				GCC_DYNAMIC_NO_PIC = NO;
				GCC_NO_COMMON_BLOCKS = YES;
				GCC_OPTIMIZATION_LEVEL = 0;
				GCC_PREPROCESSOR_DEFINITIONS = (
					"DEBUG=1",
					"$(inherited)",
				);
				GCC_WARN_64_TO_32_BIT_CONVERSION = YES;
				GCC_WARN_ABOUT_RETURN_TYPE = YES_ERROR;
				GCC_WARN_UNDECLARED_SELECTOR = YES;
				GCC_WARN_UNINITIALIZED_AUTOS = YES_AGGRESSIVE;
				GCC_WARN_UNUSED_FUNCTION = YES;
				GCC_WARN_UNUSED_VARIABLE = YES;
				IPHONEOS_DEPLOYMENT_TARGET = 9.2;
				MTL_ENABLE_DEBUG_INFO = YES;
				ONLY_ACTIVE_ARCH = YES;
				SDKROOT = iphoneos;
				SWIFT_OPTIMIZATION_LEVEL = "-Onone";
			};
			name = Debug;
		};
		D49F45291C656CDD00E1B283 /* Release */ = {
			isa = XCBuildConfiguration;
			buildSettings = {
				ALWAYS_SEARCH_USER_PATHS = NO;
				CLANG_CXX_LANGUAGE_STANDARD = "gnu++0x";
				CLANG_CXX_LIBRARY = "libc++";
				CLANG_ENABLE_MODULES = YES;
				CLANG_ENABLE_OBJC_ARC = YES;
				CLANG_WARN_BOOL_CONVERSION = YES;
				CLANG_WARN_CONSTANT_CONVERSION = YES;
				CLANG_WARN_DIRECT_OBJC_ISA_USAGE = YES_ERROR;
				CLANG_WARN_EMPTY_BODY = YES;
				CLANG_WARN_ENUM_CONVERSION = YES;
				CLANG_WARN_INT_CONVERSION = YES;
				CLANG_WARN_OBJC_ROOT_CLASS = YES_ERROR;
				CLANG_WARN_UNREACHABLE_CODE = YES;
				CLANG_WARN__DUPLICATE_METHOD_MATCH = YES;
				"CODE_SIGN_IDENTITY[sdk=iphoneos*]" = "iPhone Developer";
				COPY_PHASE_STRIP = NO;
				DEBUG_INFORMATION_FORMAT = "dwarf-with-dsym";
				ENABLE_NS_ASSERTIONS = NO;
				ENABLE_STRICT_OBJC_MSGSEND = YES;
				GCC_C_LANGUAGE_STANDARD = gnu99;
				GCC_NO_COMMON_BLOCKS = YES;
				GCC_WARN_64_TO_32_BIT_CONVERSION = YES;
				GCC_WARN_ABOUT_RETURN_TYPE = YES_ERROR;
				GCC_WARN_UNDECLARED_SELECTOR = YES;
				GCC_WARN_UNINITIALIZED_AUTOS = YES_AGGRESSIVE;
				GCC_WARN_UNUSED_FUNCTION = YES;
				GCC_WARN_UNUSED_VARIABLE = YES;
				IPHONEOS_DEPLOYMENT_TARGET = 9.2;
				MTL_ENABLE_DEBUG_INFO = NO;
				SDKROOT = iphoneos;
				VALIDATE_PRODUCT = YES;
			};
			name = Release;
		};
		D49F452B1C656CDD00E1B283 /* Debug */ = {
			isa = XCBuildConfiguration;
			buildSettings = {
				ASSETCATALOG_COMPILER_APPICON_NAME = AppIcon;
				INFOPLIST_FILE = PrimesDoneFast/Info.plist;
				LD_RUNPATH_SEARCH_PATHS = "$(inherited) @executable_path/Frameworks";
				PRODUCT_BUNDLE_IDENTIFIER = us.nickwalker.PrimesDoneFast;
				PRODUCT_NAME = "$(TARGET_NAME)";
			};
			name = Debug;
		};
		D49F452C1C656CDD00E1B283 /* Release */ = {
			isa = XCBuildConfiguration;
			buildSettings = {
				ASSETCATALOG_COMPILER_APPICON_NAME = AppIcon;
				INFOPLIST_FILE = PrimesDoneFast/Info.plist;
				LD_RUNPATH_SEARCH_PATHS = "$(inherited) @executable_path/Frameworks";
				PRODUCT_BUNDLE_IDENTIFIER = us.nickwalker.PrimesDoneFast;
				PRODUCT_NAME = "$(TARGET_NAME)";
			};
			name = Release;
		};
		D49F452E1C656CDD00E1B283 /* Debug */ = {
			isa = XCBuildConfiguration;
			buildSettings = {
				BUNDLE_LOADER = "$(TEST_HOST)";
				INFOPLIST_FILE = PrimesDoneFastTests/Info.plist;
				LD_RUNPATH_SEARCH_PATHS = "$(inherited) @executable_path/Frameworks @loader_path/Frameworks";
				PRODUCT_BUNDLE_IDENTIFIER = us.nickwalker.PrimesDoneFastTests;
				PRODUCT_NAME = "$(TARGET_NAME)";
				TEST_HOST = "$(BUILT_PRODUCTS_DIR)/PrimesDoneFast.app/PrimesDoneFast";
			};
			name = Debug;
		};
		D49F452F1C656CDD00E1B283 /* Release */ = {
			isa = XCBuildConfiguration;
			buildSettings = {
				BUNDLE_LOADER = "$(TEST_HOST)";
				INFOPLIST_FILE = PrimesDoneFastTests/Info.plist;
				LD_RUNPATH_SEARCH_PATHS = "$(inherited) @executable_path/Frameworks @loader_path/Frameworks";
				PRODUCT_BUNDLE_IDENTIFIER = us.nickwalker.PrimesDoneFastTests;
				PRODUCT_NAME = "$(TARGET_NAME)";
				TEST_HOST = "$(BUILT_PRODUCTS_DIR)/PrimesDoneFast.app/PrimesDoneFast";
			};
			name = Release;
		};
/* End XCBuildConfiguration section */

/* Begin XCConfigurationList section */
		D49F45061C656CDC00E1B283 /* Build configuration list for PBXProject "PrimesDoneFast" */ = {
			isa = XCConfigurationList;
			buildConfigurations = (
				D49F45281C656CDD00E1B283 /* Debug */,
				D49F45291C656CDD00E1B283 /* Release */,
			);
			defaultConfigurationIsVisible = 0;
			defaultConfigurationName = Release;
		};
		D49F452A1C656CDD00E1B283 /* Build configuration list for PBXNativeTarget "PrimesDoneFast" */ = {
			isa = XCConfigurationList;
			buildConfigurations = (
				D49F452B1C656CDD00E1B283 /* Debug */,
				D49F452C1C656CDD00E1B283 /* Release */,
			);
			defaultConfigurationIsVisible = 0;
		};
		D49F452D1C656CDD00E1B283 /* Build configuration list for PBXNativeTarget "PrimesDoneFastTests" */ = {
			isa = XCConfigurationList;
			buildConfigurations = (
				D49F452E1C656CDD00E1B283 /* Debug */,
				D49F452F1C656CDD00E1B283 /* Release */,
			);
			defaultConfigurationIsVisible = 0;
		};
/* End XCConfigurationList section */
	};
	rootObject = D49F45031C656CDC00E1B283 /* Project object */;
}
